
Microsoft Visual Studio Solution File, Format Version 12.00
# TcXaeShell Solution File, Format Version 11.00
VisualStudioVersion = 15.0.33403.129
MinimumVisualStudioVersion = 10.0.40219.1
Project("{B1E792BE-AA5F-4E3C-8C82-674BF9C0715B}") = "HMIlite", "TwinCAT Project1\HMIlite.tsproj", "{CBB6B967-8DC9-4921-B370-AF4230B79606}"
EndProject
Global
	GlobalSection(SolutionConfigurationPlatforms) = preSolution
		Debug|TwinCAT CE7 (ARMV7) = Debug|TwinCAT CE7 (ARMV7)
		Debug|TwinCAT OS (ARMT2) = Debug|TwinCAT OS (ARMT2)
		Debug|TwinCAT RT (x64) = Debug|TwinCAT RT (x64)
		Debug|TwinCAT RT (x86) = Debug|TwinCAT RT (x86)
		Release|TwinCAT CE7 (ARMV7) = Release|TwinCAT CE7 (ARMV7)
		Release|TwinCAT OS (ARMT2) = Release|TwinCAT OS (ARMT2)
		Release|TwinCAT RT (x64) = Release|TwinCAT RT (x64)
		Release|TwinCAT RT (x86) = Release|TwinCAT RT (x86)
	EndGlobalSection
	GlobalSection(ProjectConfigurationPlatforms) = postSolution
		{CBB6B967-8DC9-4921-B370-AF4230B79606}.Debug|TwinCAT CE7 (ARMV7).ActiveCfg = Debug|TwinCAT CE7 (ARMV7)
		{CBB6B967-8DC9-4921-B370-AF4230B79606}.Debug|TwinCAT CE7 (ARMV7).Build.0 = Debug|TwinCAT CE7 (ARMV7)
		{CBB6B967-8DC9-4921-B370-AF4230B79606}.Debug|TwinCAT OS (ARMT2).ActiveCfg = Debug|TwinCAT OS (ARMT2)
		{CBB6B967-8DC9-4921-B370-AF4230B79606}.Debug|TwinCAT OS (ARMT2).Build.0 = Debug|TwinCAT OS (ARMT2)
		{CBB6B967-8DC9-4921-B370-AF4230B79606}.Debug|TwinCAT RT (x64).ActiveCfg = Debug|TwinCAT RT (x64)
		{CBB6B967-8DC9-4921-B370-AF4230B79606}.Debug|TwinCAT RT (x64).Build.0 = Debug|TwinCAT RT (x64)
		{CBB6B967-8DC9-4921-B370-AF4230B79606}.Debug|TwinCAT RT (x86).ActiveCfg = Debug|TwinCAT RT (x86)
		{CBB6B967-8DC9-4921-B370-AF4230B79606}.Debug|TwinCAT RT (x86).Build.0 = Debug|TwinCAT RT (x86)
		{CBB6B967-8DC9-4921-B370-AF4230B79606}.Release|TwinCAT CE7 (ARMV7).ActiveCfg = Release|TwinCAT CE7 (ARMV7)
		{CBB6B967-8DC9-4921-B370-AF4230B79606}.Release|TwinCAT CE7 (ARMV7).Build.0 = Release|TwinCAT CE7 (ARMV7)
		{CBB6B967-8DC9-4921-B370-AF4230B79606}.Release|TwinCAT OS (ARMT2).ActiveCfg = Release|TwinCAT OS (ARMT2)
		{CBB6B967-8DC9-4921-B370-AF4230B79606}.Release|TwinCAT OS (ARMT2).Build.0 = Release|TwinCAT OS (ARMT2)
		{CBB6B967-8DC9-4921-B370-AF4230B79606}.Release|TwinCAT RT (x64).ActiveCfg = Release|TwinCAT RT (x64)
		{CBB6B967-8DC9-4921-B370-AF4230B79606}.Release|TwinCAT RT (x64).Build.0 = Release|TwinCAT RT (x64)
		{CBB6B967-8DC9-4921-B370-AF4230B79606}.Release|TwinCAT RT (x86).ActiveCfg = Release|TwinCAT RT (x86)
		{CBB6B967-8DC9-4921-B370-AF4230B79606}.Release|TwinCAT RT (x86).Build.0 = Release|TwinCAT RT (x86)
		{1A267E57-8424-4A7E-91A6-205EF3BB5B1A}.Debug|TwinCAT CE7 (ARMV7).ActiveCfg = Debug|TwinCAT CE7 (ARMV7)
		{1A267E57-8424-4A7E-91A6-205EF3BB5B1A}.Debug|TwinCAT CE7 (ARMV7).Build.0 = Debug|TwinCAT CE7 (ARMV7)
		{1A267E57-8424-4A7E-91A6-205EF3BB5B1A}.Debug|TwinCAT OS (ARMT2).ActiveCfg = Debug|TwinCAT OS (ARMT2)
		{1A267E57-8424-4A7E-91A6-205EF3BB5B1A}.Debug|TwinCAT OS (ARMT2).Build.0 = Debug|TwinCAT OS (ARMT2)
		{1A267E57-8424-4A7E-91A6-205EF3BB5B1A}.Debug|TwinCAT RT (x64).ActiveCfg = Debug|TwinCAT RT (x64)
		{1A267E57-8424-4A7E-91A6-205EF3BB5B1A}.Debug|TwinCAT RT (x64).Build.0 = Debug|TwinCAT RT (x64)
		{1A267E57-8424-4A7E-91A6-205EF3BB5B1A}.Debug|TwinCAT RT (x86).ActiveCfg = Debug|TwinCAT RT (x86)
		{1A267E57-8424-4A7E-91A6-205EF3BB5B1A}.Debug|TwinCAT RT (x86).Build.0 = Debug|TwinCAT RT (x86)
		{1A267E57-8424-4A7E-91A6-205EF3BB5B1A}.Release|TwinCAT CE7 (ARMV7).ActiveCfg = Release|TwinCAT CE7 (ARMV7)
		{1A267E57-8424-4A7E-91A6-205EF3BB5B1A}.Release|TwinCAT CE7 (ARMV7).Build.0 = Release|TwinCAT CE7 (ARMV7)
		{1A267E57-8424-4A7E-91A6-205EF3BB5B1A}.Release|TwinCAT OS (ARMT2).ActiveCfg = Release|TwinCAT OS (ARMT2)
		{1A267E57-8424-4A7E-91A6-205EF3BB5B1A}.Release|TwinCAT OS (ARMT2).Build.0 = Release|TwinCAT OS (ARMT2)
		{1A267E57-8424-4A7E-91A6-205EF3BB5B1A}.Release|TwinCAT RT (x64).ActiveCfg = Release|TwinCAT RT (x64)
		{1A267E57-8424-4A7E-91A6-205EF3BB5B1A}.Release|TwinCAT RT (x64).Build.0 = Release|TwinCAT RT (x64)
		{1A267E57-8424-4A7E-91A6-205EF3BB5B1A}.Release|TwinCAT RT (x86).ActiveCfg = Release|TwinCAT RT (x86)
		{1A267E57-8424-4A7E-91A6-205EF3BB5B1A}.Release|TwinCAT RT (x86).Build.0 = Release|TwinCAT RT (x86)
	EndGlobalSection
	GlobalSection(SolutionProperties) = preSolution
		HideSolutionNode = FALSE
	EndGlobalSection
	GlobalSection(ExtensibilityGlobals) = postSolution
		SolutionGuid = {9FBD0790-893F-4160-87F3-4835A1E10A42}
	EndGlobalSection
EndGlobal
